
Microsoft Visual Studio Solution File, Format Version 12.00
# Visual Studio 14
VisualStudioVersion = 14.0.25420.1
MinimumVisualStudioVersion = 10.0.40219.1
Project("{2150E333-8FDC-42A3-9474-1A3956D46DE8}") = "src", "src", "{C328119A-917D-4FC2-A7CE-A721000B65FC}"
EndProject
Project("{2150E333-8FDC-42A3-9474-1A3956D46DE8}") = "Solution Items", "Solution Items", "{7E62281E-C3F3-4C86-BF9A-AEBC0BDEF7DC}"
	ProjectSection(SolutionItems) = preProject
		global.json = global.json
	EndProjectSection
EndProject
Project("{8BB2217D-0F2D-49D1-97BC-3654ED321F3B}") = "project Demo", "src\project Demo\project Demo.xproj", "{77002D1F-EE9F-4DC1-A8A3-7344399FE7FB}"
EndProject
Global
	GlobalSection(SolutionConfigurationPlatforms) = preSolution
		Debug|Any CPU = Debug|Any CPU
		Release|Any CPU = Release|Any CPU
	EndGlobalSection
	GlobalSection(ProjectConfigurationPlatforms) = postSolution
		{77002D1F-EE9F-4DC1-A8A3-7344399FE7FB}.Debug|Any CPU.ActiveCfg = Debug|Any CPU
		{77002D1F-EE9F-4DC1-A8A3-7344399FE7FB}.Debug|Any CPU.Build.0 = Debug|Any CPU
		{77002D1F-EE9F-4DC1-A8A3-7344399FE7FB}.Release|Any CPU.ActiveCfg = Release|Any CPU
		{77002D1F-EE9F-4DC1-A8A3-7344399FE7FB}.Release|Any CPU.Build.0 = Release|Any CPU
	EndGlobalSection
	GlobalSection(SolutionProperties) = preSolution
		HideSolutionNode = FALSE
	EndGlobalSection
	GlobalSection(NestedProjects) = preSolution
		{77002D1F-EE9F-4DC1-A8A3-7344399FE7FB} = {C328119A-917D-4FC2-A7CE-A721000B65FC}
	EndGlobalSection
EndGlobal
