
Microsoft Visual Studio Solution File, Format Version 12.00
# Visual Studio 14
VisualStudioVersion = 14.0.25420.1
MinimumVisualStudioVersion = 10.0.40219.1
Project("{FAE04EC0-301F-11D3-BF4B-00C04F79EFBC}") = "genaral Delegates", "genaral Delegates\genaral Delegates.csproj", "{618C2C39-263E-4CDC-A4BD-500061CD9ADE}"
EndProject
Global
	GlobalSection(SolutionConfigurationPlatforms) = preSolution
		Debug|Any CPU = Debug|Any CPU
		Release|Any CPU = Release|Any CPU
	EndGlobalSection
	GlobalSection(ProjectConfigurationPlatforms) = postSolution
		{618C2C39-263E-4CDC-A4BD-500061CD9ADE}.Debug|Any CPU.ActiveCfg = Debug|Any CPU
		{618C2C39-263E-4CDC-A4BD-500061CD9ADE}.Debug|Any CPU.Build.0 = Debug|Any CPU
		{618C2C39-263E-4CDC-A4BD-500061CD9ADE}.Release|Any CPU.ActiveCfg = Release|Any CPU
		{618C2C39-263E-4CDC-A4BD-500061CD9ADE}.Release|Any CPU.Build.0 = Release|Any CPU
	EndGlobalSection
	GlobalSection(SolutionProperties) = preSolution
		HideSolutionNode = FALSE
	EndGlobalSection
EndGlobal
