
Microsoft Visual Studio Solution File, Format Version 12.00
# Visual Studio 14
VisualStudioVersion = 14.0.25420.1
MinimumVisualStudioVersion = 10.0.40219.1
Project("{FAE04EC0-301F-11D3-BF4B-00C04F79EFBC}") = "Thread_Demo", "Thread_Demo\Thread_Demo.csproj", "{A9ED78C7-622C-4121-90D6-92E6DE3A1E74}"
EndProject
Global
	GlobalSection(SolutionConfigurationPlatforms) = preSolution
		Debug|Any CPU = Debug|Any CPU
		Release|Any CPU = Release|Any CPU
	EndGlobalSection
	GlobalSection(ProjectConfigurationPlatforms) = postSolution
		{A9ED78C7-622C-4121-90D6-92E6DE3A1E74}.Debug|Any CPU.ActiveCfg = Debug|Any CPU
		{A9ED78C7-622C-4121-90D6-92E6DE3A1E74}.Debug|Any CPU.Build.0 = Debug|Any CPU
		{A9ED78C7-622C-4121-90D6-92E6DE3A1E74}.Release|Any CPU.ActiveCfg = Release|Any CPU
		{A9ED78C7-622C-4121-90D6-92E6DE3A1E74}.Release|Any CPU.Build.0 = Release|Any CPU
	EndGlobalSection
	GlobalSection(SolutionProperties) = preSolution
		HideSolutionNode = FALSE
	EndGlobalSection
EndGlobal
